{
  "lockfileVersion": 1,
  "workspaces": {
    "": {
      "dependencies": {
        "pinata": "^2.5.1",
      },
    },
  },
  "packages": {
    "pinata": ["pinata@2.5.1", "", { "peerDependencies": { "react": ">=16.8.0", "react-dom": ">=16.8.0" }, "optionalPeers": ["react", "react-dom"] }, "sha512-AyQIlgeD1uI3C/qjqBOare5kj9J4O/x85hkDckPiB13RY2Fem4bvkMOLQsLWSv79xlkVeLAx15PO7slGItiClQ=="],
  }
}
